
Microsoft Visual Studio Solution File, Format Version 12.00
# Visual Studio 15
VisualStudioVersion = 15.0.27703.2018
MinimumVisualStudioVersion = 10.0.40219.1
Project("{8BC9CEB8-8B4A-11D0-8D11-00A0C91BC942}") = "HalideTest", "HalideTest\HalideTest.vcxproj", "{2163612C-7BFB-47CF-B650-C52F191CCC70}"
EndProject
Project("{8BC9CEB8-8B4A-11D0-8D11-00A0C91BC942}") = "BoostMP11", "BoostMP11\BoostMP11.vcxproj", "{20A6AEE7-A830-4BFE-99FC-2E5E8E752635}"
EndProject
Global
	GlobalSection(SolutionConfigurationPlatforms) = preSolution
		Debug|x64 = Debug|x64
		Release|x64 = Release|x64
	EndGlobalSection
	GlobalSection(ProjectConfigurationPlatforms) = postSolution
		{2163612C-7BFB-47CF-B650-C52F191CCC70}.Debug|x64.ActiveCfg = Debug|x64
		{2163612C-7BFB-47CF-B650-C52F191CCC70}.Debug|x64.Build.0 = Debug|x64
		{2163612C-7BFB-47CF-B650-C52F191CCC70}.Release|x64.ActiveCfg = Release|x64
		{2163612C-7BFB-47CF-B650-C52F191CCC70}.Release|x64.Build.0 = Release|x64
		{20A6AEE7-A830-4BFE-99FC-2E5E8E752635}.Debug|x64.ActiveCfg = Debug|x64
		{20A6AEE7-A830-4BFE-99FC-2E5E8E752635}.Debug|x64.Build.0 = Debug|x64
		{20A6AEE7-A830-4BFE-99FC-2E5E8E752635}.Release|x64.ActiveCfg = Release|x64
		{20A6AEE7-A830-4BFE-99FC-2E5E8E752635}.Release|x64.Build.0 = Release|x64
	EndGlobalSection
	GlobalSection(SolutionProperties) = preSolution
		HideSolutionNode = FALSE
	EndGlobalSection
	GlobalSection(ExtensibilityGlobals) = postSolution
		SolutionGuid = {2769F3BE-FE5A-4B0A-ABE3-86FF9B8BA5A9}
	EndGlobalSection
EndGlobal
